{
  "name": "simple-service",
  "version": "1.0.0",
  "lockfileVersion": 1,
  "requires": true,
  "dependencies": {
    "node-pong": {
      "version": "1.1.1",
      "resolved": "https://registry.npmjs.org/node-pong/-/node-pong-1.1.1.tgz",
      "integrity": "sha512-Rcyp46gYujjE3c65T/uqBfy+7jwf6REshTMemXVXRfHiWvBA+5HDL3hKgOd3Q3yX5arDQ7F3vfP1D4/o58VNgg=="
    }
  }
}
